
Microsoft Visual Studio Solution File, Format Version 12.00
# Visual Studio Version 16
VisualStudioVersion = 16.0.32106.194
MinimumVisualStudioVersion = 10.0.40219.1
Project("{FAE04EC0-301F-11D3-BF4B-00C04F79EFBC}") = "GitFun", "GitFun\GitFun.csproj", "{0BD27B32-6458-4AC6-852D-DC1C8AFCEDB0}"
EndProject
Global
	GlobalSection(SolutionConfigurationPlatforms) = preSolution
		Debug|Any CPU = Debug|Any CPU
		Release|Any CPU = Release|Any CPU
	EndGlobalSection
	GlobalSection(ProjectConfigurationPlatforms) = postSolution
		{0BD27B32-6458-4AC6-852D-DC1C8AFCEDB0}.Debug|Any CPU.ActiveCfg = Debug|Any CPU
		{0BD27B32-6458-4AC6-852D-DC1C8AFCEDB0}.Debug|Any CPU.Build.0 = Debug|Any CPU
		{0BD27B32-6458-4AC6-852D-DC1C8AFCEDB0}.Release|Any CPU.ActiveCfg = Release|Any CPU
		{0BD27B32-6458-4AC6-852D-DC1C8AFCEDB0}.Release|Any CPU.Build.0 = Release|Any CPU
	EndGlobalSection
	GlobalSection(SolutionProperties) = preSolution
		HideSolutionNode = FALSE
	EndGlobalSection
	GlobalSection(ExtensibilityGlobals) = postSolution
		SolutionGuid = {E920158B-87B6-4452-B332-A79C4D831701}
	EndGlobalSection
EndGlobal
